
Microsoft Visual Studio Solution File, Format Version 12.00
# Visual Studio Version 17
VisualStudioVersion = 17.2.32630.192
MinimumVisualStudioVersion = 10.0.40219.1
Project("{FAE04EC0-301F-11D3-BF4B-00C04F79EFBC}") = "CalcThreade", "CalcThreade\CalcThreade.csproj", "{16054ECE-C3F2-4262-860F-EE91B4155243}"
EndProject
Global
	GlobalSection(SolutionConfigurationPlatforms) = preSolution
		Debug|Any CPU = Debug|Any CPU
		Release|Any CPU = Release|Any CPU
	EndGlobalSection
	GlobalSection(ProjectConfigurationPlatforms) = postSolution
		{16054ECE-C3F2-4262-860F-EE91B4155243}.Debug|Any CPU.ActiveCfg = Debug|Any CPU
		{16054ECE-C3F2-4262-860F-EE91B4155243}.Debug|Any CPU.Build.0 = Debug|Any CPU
		{16054ECE-C3F2-4262-860F-EE91B4155243}.Release|Any CPU.ActiveCfg = Release|Any CPU
		{16054ECE-C3F2-4262-860F-EE91B4155243}.Release|Any CPU.Build.0 = Release|Any CPU
	EndGlobalSection
	GlobalSection(SolutionProperties) = preSolution
		HideSolutionNode = FALSE
	EndGlobalSection
	GlobalSection(ExtensibilityGlobals) = postSolution
		SolutionGuid = {98383640-D5D0-49ED-8F59-1C9A0CD662FF}
	EndGlobalSection
EndGlobal
